
Microsoft Visual Studio Solution File, Format Version 12.00
# Visual Studio Version 16
VisualStudioVersion = 16.0.31729.503
MinimumVisualStudioVersion = 10.0.40219.1
Project("{FAE04EC0-301F-11D3-BF4B-00C04F79EFBC}") = "FrontendBlazor", "FrontendBlazor\FrontendBlazor.csproj", "{24CB4366-9454-4F72-B064-C46820FF0BC0}"
EndProject
Global
	GlobalSection(SolutionConfigurationPlatforms) = preSolution
		Debug|Any CPU = Debug|Any CPU
		Release|Any CPU = Release|Any CPU
	EndGlobalSection
	GlobalSection(ProjectConfigurationPlatforms) = postSolution
		{24CB4366-9454-4F72-B064-C46820FF0BC0}.Debug|Any CPU.ActiveCfg = Debug|Any CPU
		{24CB4366-9454-4F72-B064-C46820FF0BC0}.Debug|Any CPU.Build.0 = Debug|Any CPU
		{24CB4366-9454-4F72-B064-C46820FF0BC0}.Release|Any CPU.ActiveCfg = Release|Any CPU
		{24CB4366-9454-4F72-B064-C46820FF0BC0}.Release|Any CPU.Build.0 = Release|Any CPU
	EndGlobalSection
	GlobalSection(SolutionProperties) = preSolution
		HideSolutionNode = FALSE
	EndGlobalSection
	GlobalSection(ExtensibilityGlobals) = postSolution
		SolutionGuid = {A21E7179-D6AE-4E89-87FF-47B3A7628CF8}
	EndGlobalSection
EndGlobal
